
Microsoft Visual Studio Solution File, Format Version 12.00
# Visual Studio Version 16
VisualStudioVersion = 16.0.32002.261
MinimumVisualStudioVersion = 10.0.40219.1
Project("{9A19103F-16F7-4668-BE54-9A1E7A4F7556}") = "PersonInfo", "PersonInfo\PersonInfo.csproj", "{594324AF-9E36-44D0-AF14-F981D0B87CD1}"
EndProject
Project("{9A19103F-16F7-4668-BE54-9A1E7A4F7556}") = "Telephony", "Telephony\Telephony.csproj", "{BC668C41-730B-4BC5-9EFC-84F288CFD453}"
EndProject
Project("{FAE04EC0-301F-11D3-BF4B-00C04F79EFBC}") = "BorderControl", "BorderControl\BorderControl.csproj", "{8B936800-0075-4C5B-8458-DB1EDB8803F5}"
EndProject
Project("{FAE04EC0-301F-11D3-BF4B-00C04F79EFBC}") = "BirthdayCelebrations", "BirthdayCelebrations\BirthdayCelebrations.csproj", "{2C6BCDB4-736C-4CE9-8D35-03E911CBC1F9}"
EndProject
Project("{FAE04EC0-301F-11D3-BF4B-00C04F79EFBC}") = "FoodShortage", "FoodShortage\FoodShortage.csproj", "{5E42D498-AECC-4318-8B26-628FFAEABA63}"
EndProject
Global
	GlobalSection(SolutionConfigurationPlatforms) = preSolution
		Debug|Any CPU = Debug|Any CPU
		Release|Any CPU = Release|Any CPU
	EndGlobalSection
	GlobalSection(ProjectConfigurationPlatforms) = postSolution
		{594324AF-9E36-44D0-AF14-F981D0B87CD1}.Debug|Any CPU.ActiveCfg = Debug|Any CPU
		{594324AF-9E36-44D0-AF14-F981D0B87CD1}.Debug|Any CPU.Build.0 = Debug|Any CPU
		{594324AF-9E36-44D0-AF14-F981D0B87CD1}.Release|Any CPU.ActiveCfg = Release|Any CPU
		{594324AF-9E36-44D0-AF14-F981D0B87CD1}.Release|Any CPU.Build.0 = Release|Any CPU
		{BC668C41-730B-4BC5-9EFC-84F288CFD453}.Debug|Any CPU.ActiveCfg = Debug|Any CPU
		{BC668C41-730B-4BC5-9EFC-84F288CFD453}.Debug|Any CPU.Build.0 = Debug|Any CPU
		{BC668C41-730B-4BC5-9EFC-84F288CFD453}.Release|Any CPU.ActiveCfg = Release|Any CPU
		{BC668C41-730B-4BC5-9EFC-84F288CFD453}.Release|Any CPU.Build.0 = Release|Any CPU
		{8B936800-0075-4C5B-8458-DB1EDB8803F5}.Debug|Any CPU.ActiveCfg = Debug|Any CPU
		{8B936800-0075-4C5B-8458-DB1EDB8803F5}.Debug|Any CPU.Build.0 = Debug|Any CPU
		{8B936800-0075-4C5B-8458-DB1EDB8803F5}.Release|Any CPU.ActiveCfg = Release|Any CPU
		{8B936800-0075-4C5B-8458-DB1EDB8803F5}.Release|Any CPU.Build.0 = Release|Any CPU
		{2C6BCDB4-736C-4CE9-8D35-03E911CBC1F9}.Debug|Any CPU.ActiveCfg = Debug|Any CPU
		{2C6BCDB4-736C-4CE9-8D35-03E911CBC1F9}.Debug|Any CPU.Build.0 = Debug|Any CPU
		{2C6BCDB4-736C-4CE9-8D35-03E911CBC1F9}.Release|Any CPU.ActiveCfg = Release|Any CPU
		{2C6BCDB4-736C-4CE9-8D35-03E911CBC1F9}.Release|Any CPU.Build.0 = Release|Any CPU
		{5E42D498-AECC-4318-8B26-628FFAEABA63}.Debug|Any CPU.ActiveCfg = Debug|Any CPU
		{5E42D498-AECC-4318-8B26-628FFAEABA63}.Debug|Any CPU.Build.0 = Debug|Any CPU
		{5E42D498-AECC-4318-8B26-628FFAEABA63}.Release|Any CPU.ActiveCfg = Release|Any CPU
		{5E42D498-AECC-4318-8B26-628FFAEABA63}.Release|Any CPU.Build.0 = Release|Any CPU
	EndGlobalSection
	GlobalSection(SolutionProperties) = preSolution
		HideSolutionNode = FALSE
	EndGlobalSection
	GlobalSection(ExtensibilityGlobals) = postSolution
		SolutionGuid = {819014BC-F087-4B9A-BE60-2F0F9A6D03EE}
	EndGlobalSection
EndGlobal
