
Microsoft Visual Studio Solution File, Format Version 12.00
# Visual Studio Version 16
VisualStudioVersion = 16.0.32002.261
MinimumVisualStudioVersion = 10.0.40219.1
Project("{9A19103F-16F7-4668-BE54-9A1E7A4F7556}") = "Animals", "..\..\..\..\Desktop\01. CSharp-OOP-Inheritance-Exercise-Skeleton\Animals\Animals.csproj", "{888C01BB-F79A-4B70-9CBD-0DB019223AC2}"
EndProject
Project("{9A19103F-16F7-4668-BE54-9A1E7A4F7556}") = "NeedForSpeed", "..\..\..\..\Desktop\01. CSharp-OOP-Inheritance-Exercise-Skeleton\NeedForSpeed\NeedForSpeed.csproj", "{22A2D628-B545-4186-9AF0-AAF73468BD35}"
EndProject
Project("{9A19103F-16F7-4668-BE54-9A1E7A4F7556}") = "Person", "..\..\..\..\Desktop\01. CSharp-OOP-Inheritance-Exercise-Skeleton\Person\Person.csproj", "{0799EB24-3427-489C-A33D-B661C40A21C8}"
EndProject
Project("{9A19103F-16F7-4668-BE54-9A1E7A4F7556}") = "PlayersAndMonsters", "..\..\..\..\Desktop\01. CSharp-OOP-Inheritance-Exercise-Skeleton\PlayersAndMonsters\PlayersAndMonsters.csproj", "{EB865026-7664-4CD8-AE74-D05CC98747E9}"
EndProject
Project("{9A19103F-16F7-4668-BE54-9A1E7A4F7556}") = "Restaurant", "..\..\..\..\Desktop\01. CSharp-OOP-Inheritance-Exercise-Skeleton\Restaurant\Restaurant.csproj", "{D0BCBFC2-941E-4B32-B327-B069CA55DCF6}"
EndProject
Global
	GlobalSection(SolutionConfigurationPlatforms) = preSolution
		Debug|Any CPU = Debug|Any CPU
		Release|Any CPU = Release|Any CPU
	EndGlobalSection
	GlobalSection(ProjectConfigurationPlatforms) = postSolution
		{888C01BB-F79A-4B70-9CBD-0DB019223AC2}.Debug|Any CPU.ActiveCfg = Debug|Any CPU
		{888C01BB-F79A-4B70-9CBD-0DB019223AC2}.Debug|Any CPU.Build.0 = Debug|Any CPU
		{888C01BB-F79A-4B70-9CBD-0DB019223AC2}.Release|Any CPU.ActiveCfg = Release|Any CPU
		{888C01BB-F79A-4B70-9CBD-0DB019223AC2}.Release|Any CPU.Build.0 = Release|Any CPU
		{22A2D628-B545-4186-9AF0-AAF73468BD35}.Debug|Any CPU.ActiveCfg = Debug|Any CPU
		{22A2D628-B545-4186-9AF0-AAF73468BD35}.Debug|Any CPU.Build.0 = Debug|Any CPU
		{22A2D628-B545-4186-9AF0-AAF73468BD35}.Release|Any CPU.ActiveCfg = Release|Any CPU
		{22A2D628-B545-4186-9AF0-AAF73468BD35}.Release|Any CPU.Build.0 = Release|Any CPU
		{0799EB24-3427-489C-A33D-B661C40A21C8}.Debug|Any CPU.ActiveCfg = Debug|Any CPU
		{0799EB24-3427-489C-A33D-B661C40A21C8}.Debug|Any CPU.Build.0 = Debug|Any CPU
		{0799EB24-3427-489C-A33D-B661C40A21C8}.Release|Any CPU.ActiveCfg = Release|Any CPU
		{0799EB24-3427-489C-A33D-B661C40A21C8}.Release|Any CPU.Build.0 = Release|Any CPU
		{EB865026-7664-4CD8-AE74-D05CC98747E9}.Debug|Any CPU.ActiveCfg = Debug|Any CPU
		{EB865026-7664-4CD8-AE74-D05CC98747E9}.Debug|Any CPU.Build.0 = Debug|Any CPU
		{EB865026-7664-4CD8-AE74-D05CC98747E9}.Release|Any CPU.ActiveCfg = Release|Any CPU
		{EB865026-7664-4CD8-AE74-D05CC98747E9}.Release|Any CPU.Build.0 = Release|Any CPU
		{D0BCBFC2-941E-4B32-B327-B069CA55DCF6}.Debug|Any CPU.ActiveCfg = Debug|Any CPU
		{D0BCBFC2-941E-4B32-B327-B069CA55DCF6}.Debug|Any CPU.Build.0 = Debug|Any CPU
		{D0BCBFC2-941E-4B32-B327-B069CA55DCF6}.Release|Any CPU.ActiveCfg = Release|Any CPU
		{D0BCBFC2-941E-4B32-B327-B069CA55DCF6}.Release|Any CPU.Build.0 = Release|Any CPU
	EndGlobalSection
	GlobalSection(SolutionProperties) = preSolution
		HideSolutionNode = FALSE
	EndGlobalSection
	GlobalSection(ExtensibilityGlobals) = postSolution
		SolutionGuid = {79C33FA8-F2A3-4ED6-A2D1-B3C287236AEE}
	EndGlobalSection
EndGlobal
