
Microsoft Visual Studio Solution File, Format Version 12.00
# Visual Studio Version 16
VisualStudioVersion = 16.0.32002.261
MinimumVisualStudioVersion = 10.0.40219.1
Project("{9A19103F-16F7-4668-BE54-9A1E7A4F7556}") = "ClassBoxData", "ClassBoxData\ClassBoxData.csproj", "{F5B4A114-748A-4A53-BAF7-253914D842EE}"
EndProject
Project("{FAE04EC0-301F-11D3-BF4B-00C04F79EFBC}") = "AnimalFarm", "AnimalFarm\AnimalFarm.csproj", "{52D40F2A-12C6-448E-BFCD-364841718B03}"
EndProject
Project("{FAE04EC0-301F-11D3-BF4B-00C04F79EFBC}") = "ShoppingSpree", "ShoppingSpree\ShoppingSpree.csproj", "{6A1F8135-0475-4985-9F85-F519EC89BD90}"
EndProject
Project("{FAE04EC0-301F-11D3-BF4B-00C04F79EFBC}") = "PizzaCalories", "PizzaCalories\PizzaCalories.csproj", "{6C3B614B-1CA4-484E-B08D-4FD0AE8084FC}"
EndProject
Global
	GlobalSection(SolutionConfigurationPlatforms) = preSolution
		Debug|Any CPU = Debug|Any CPU
		Release|Any CPU = Release|Any CPU
	EndGlobalSection
	GlobalSection(ProjectConfigurationPlatforms) = postSolution
		{F5B4A114-748A-4A53-BAF7-253914D842EE}.Debug|Any CPU.ActiveCfg = Debug|Any CPU
		{F5B4A114-748A-4A53-BAF7-253914D842EE}.Debug|Any CPU.Build.0 = Debug|Any CPU
		{F5B4A114-748A-4A53-BAF7-253914D842EE}.Release|Any CPU.ActiveCfg = Release|Any CPU
		{F5B4A114-748A-4A53-BAF7-253914D842EE}.Release|Any CPU.Build.0 = Release|Any CPU
		{52D40F2A-12C6-448E-BFCD-364841718B03}.Debug|Any CPU.ActiveCfg = Debug|Any CPU
		{52D40F2A-12C6-448E-BFCD-364841718B03}.Debug|Any CPU.Build.0 = Debug|Any CPU
		{52D40F2A-12C6-448E-BFCD-364841718B03}.Release|Any CPU.ActiveCfg = Release|Any CPU
		{52D40F2A-12C6-448E-BFCD-364841718B03}.Release|Any CPU.Build.0 = Release|Any CPU
		{6A1F8135-0475-4985-9F85-F519EC89BD90}.Debug|Any CPU.ActiveCfg = Debug|Any CPU
		{6A1F8135-0475-4985-9F85-F519EC89BD90}.Debug|Any CPU.Build.0 = Debug|Any CPU
		{6A1F8135-0475-4985-9F85-F519EC89BD90}.Release|Any CPU.ActiveCfg = Release|Any CPU
		{6A1F8135-0475-4985-9F85-F519EC89BD90}.Release|Any CPU.Build.0 = Release|Any CPU
		{6C3B614B-1CA4-484E-B08D-4FD0AE8084FC}.Debug|Any CPU.ActiveCfg = Debug|Any CPU
		{6C3B614B-1CA4-484E-B08D-4FD0AE8084FC}.Debug|Any CPU.Build.0 = Debug|Any CPU
		{6C3B614B-1CA4-484E-B08D-4FD0AE8084FC}.Release|Any CPU.ActiveCfg = Release|Any CPU
		{6C3B614B-1CA4-484E-B08D-4FD0AE8084FC}.Release|Any CPU.Build.0 = Release|Any CPU
	EndGlobalSection
	GlobalSection(SolutionProperties) = preSolution
		HideSolutionNode = FALSE
	EndGlobalSection
	GlobalSection(ExtensibilityGlobals) = postSolution
		SolutionGuid = {D593A966-97AD-4BAE-B0AF-461E5B11C52C}
	EndGlobalSection
EndGlobal
