
Microsoft Visual Studio Solution File, Format Version 12.00
# Visual Studio Version 16
VisualStudioVersion = 16.0.32002.261
MinimumVisualStudioVersion = 10.0.40219.1
Project("{FAE04EC0-301F-11D3-BF4B-00C04F79EFBC}") = "Operations", "Operations\Operations.csproj", "{11E5B48A-FDE7-41CE-8A0D-9C9171593D54}"
EndProject
Project("{FAE04EC0-301F-11D3-BF4B-00C04F79EFBC}") = "Animals", "Animals\Animals.csproj", "{8697BB68-24EB-4D0C-B2A0-FEF131B623DC}"
EndProject
Project("{FAE04EC0-301F-11D3-BF4B-00C04F79EFBC}") = "Shapes", "Shapes\Shapes.csproj", "{46C0C21F-4C45-4482-B8CB-45E89CBEBB56}"
EndProject
Global
	GlobalSection(SolutionConfigurationPlatforms) = preSolution
		Debug|Any CPU = Debug|Any CPU
		Release|Any CPU = Release|Any CPU
	EndGlobalSection
	GlobalSection(ProjectConfigurationPlatforms) = postSolution
		{11E5B48A-FDE7-41CE-8A0D-9C9171593D54}.Debug|Any CPU.ActiveCfg = Debug|Any CPU
		{11E5B48A-FDE7-41CE-8A0D-9C9171593D54}.Debug|Any CPU.Build.0 = Debug|Any CPU
		{11E5B48A-FDE7-41CE-8A0D-9C9171593D54}.Release|Any CPU.ActiveCfg = Release|Any CPU
		{11E5B48A-FDE7-41CE-8A0D-9C9171593D54}.Release|Any CPU.Build.0 = Release|Any CPU
		{8697BB68-24EB-4D0C-B2A0-FEF131B623DC}.Debug|Any CPU.ActiveCfg = Debug|Any CPU
		{8697BB68-24EB-4D0C-B2A0-FEF131B623DC}.Debug|Any CPU.Build.0 = Debug|Any CPU
		{8697BB68-24EB-4D0C-B2A0-FEF131B623DC}.Release|Any CPU.ActiveCfg = Release|Any CPU
		{8697BB68-24EB-4D0C-B2A0-FEF131B623DC}.Release|Any CPU.Build.0 = Release|Any CPU
		{46C0C21F-4C45-4482-B8CB-45E89CBEBB56}.Debug|Any CPU.ActiveCfg = Debug|Any CPU
		{46C0C21F-4C45-4482-B8CB-45E89CBEBB56}.Debug|Any CPU.Build.0 = Debug|Any CPU
		{46C0C21F-4C45-4482-B8CB-45E89CBEBB56}.Release|Any CPU.ActiveCfg = Release|Any CPU
		{46C0C21F-4C45-4482-B8CB-45E89CBEBB56}.Release|Any CPU.Build.0 = Release|Any CPU
	EndGlobalSection
	GlobalSection(SolutionProperties) = preSolution
		HideSolutionNode = FALSE
	EndGlobalSection
	GlobalSection(ExtensibilityGlobals) = postSolution
		SolutionGuid = {F4288A62-52C3-4A82-89AC-DFB0ED4CD478}
	EndGlobalSection
EndGlobal
